
Microsoft Visual Studio Solution File, Format Version 12.00
# Visual Studio Version 17
VisualStudioVersion = 17.3.32901.215
MinimumVisualStudioVersion = 10.0.40219.1
Project("{2150E333-8FDC-42A3-9474-1A3956D46DE8}") = "src", "src", "{A0DE089F-1432-4478-8B4A-9F253ED8FBE2}"
EndProject
Project("{9A19103F-16F7-4668-BE54-9A1E7A4F7556}") = "SchoolProject.API", "src\SchoolProject.API\SchoolProject.API.csproj", "{850CE7B8-C188-4DD7-A358-765A78D2A576}"
EndProject
Project("{2150E333-8FDC-42A3-9474-1A3956D46DE8}") = "BusinessLogic", "BusinessLogic", "{5879B201-5F34-4EF4-A495-43965AB9D2DE}"
EndProject
Project("{2150E333-8FDC-42A3-9474-1A3956D46DE8}") = "Models", "Models", "{62B94A15-79DA-4366-AB96-52CE5AD7AF0A}"
EndProject
Project("{2150E333-8FDC-42A3-9474-1A3956D46DE8}") = "Repositories", "Repositories", "{4660B0AE-608E-45F6-B038-AC706D951DA1}"
EndProject
Project("{2150E333-8FDC-42A3-9474-1A3956D46DE8}") = "Resources", "Resources", "{CB694054-E2E0-4D50-A4C0-799E3B90BB7F}"
EndProject
Project("{2150E333-8FDC-42A3-9474-1A3956D46DE8}") = "Services", "Services", "{63D71FFB-227C-479B-B7C2-7356444E7C13}"
EndProject
Project("{2150E333-8FDC-42A3-9474-1A3956D46DE8}") = "WebApi", "WebApi", "{5499EA2A-A9A7-4990-A09F-A53764280E54}"
EndProject
Project("{FAE04EC0-301F-11D3-BF4B-00C04F79EFBC}") = "School.BusinessLogic", "src\School.BusinessLogic\School.BusinessLogic.csproj", "{629D5833-80C4-409B-815C-A7E4E022DFE5}"
EndProject
Project("{FAE04EC0-301F-11D3-BF4B-00C04F79EFBC}") = "School.BusinessLogic.Interfaces", "src\School.BusinessLogic.Interfaces\School.BusinessLogic.Interfaces.csproj", "{B447C03F-49BA-47C9-814E-02925D551506}"
EndProject
Project("{FAE04EC0-301F-11D3-BF4B-00C04F79EFBC}") = "School.BusinessModel", "src\School.BusinessModel\School.BusinessModel.csproj", "{E9561DDB-56E8-4B44-8ECC-C8E4CF586760}"
EndProject
Project("{FAE04EC0-301F-11D3-BF4B-00C04F79EFBC}") = "School.DataModel", "src\School.DataModel\School.DataModel.csproj", "{84612EF8-EF67-45CB-9BF2-368E10D8A825}"
EndProject
Project("{FAE04EC0-301F-11D3-BF4B-00C04F79EFBC}") = "School.Mapper", "src\School.Mapper\School.Mapper.csproj", "{9A022771-9B95-48E9-8565-00E224387EC6}"
EndProject
Project("{FAE04EC0-301F-11D3-BF4B-00C04F79EFBC}") = "School.Resources", "src\School.Resources\School.Resources.csproj", "{33577485-D604-4278-A7F5-E680910AFA85}"
EndProject
Project("{FAE04EC0-301F-11D3-BF4B-00C04F79EFBC}") = "School.Services", "src\School.Services\School.Services.csproj", "{7164D119-67D0-4E76-BEE7-0EBB34DD11A4}"
EndProject
Project("{FAE04EC0-301F-11D3-BF4B-00C04F79EFBC}") = "School.Services.Interfaces", "src\School.Services.Interfaces\School.Services.Interfaces.csproj", "{7135CD2B-6B4F-4FEF-94D1-39818C4B761C}"
EndProject
Project("{FAE04EC0-301F-11D3-BF4B-00C04F79EFBC}") = "School.DependencyInjection", "src\School.DependencyInjection\School.DependencyInjection.csproj", "{53B24D51-864E-455B-A993-0CECCE0401D5}"
EndProject
Global
	GlobalSection(SolutionConfigurationPlatforms) = preSolution
		Debug|Any CPU = Debug|Any CPU
		Release|Any CPU = Release|Any CPU
	EndGlobalSection
	GlobalSection(ProjectConfigurationPlatforms) = postSolution
		{850CE7B8-C188-4DD7-A358-765A78D2A576}.Debug|Any CPU.ActiveCfg = Debug|Any CPU
		{850CE7B8-C188-4DD7-A358-765A78D2A576}.Debug|Any CPU.Build.0 = Debug|Any CPU
		{850CE7B8-C188-4DD7-A358-765A78D2A576}.Release|Any CPU.ActiveCfg = Release|Any CPU
		{850CE7B8-C188-4DD7-A358-765A78D2A576}.Release|Any CPU.Build.0 = Release|Any CPU
		{629D5833-80C4-409B-815C-A7E4E022DFE5}.Debug|Any CPU.ActiveCfg = Debug|Any CPU
		{629D5833-80C4-409B-815C-A7E4E022DFE5}.Debug|Any CPU.Build.0 = Debug|Any CPU
		{629D5833-80C4-409B-815C-A7E4E022DFE5}.Release|Any CPU.ActiveCfg = Release|Any CPU
		{629D5833-80C4-409B-815C-A7E4E022DFE5}.Release|Any CPU.Build.0 = Release|Any CPU
		{B447C03F-49BA-47C9-814E-02925D551506}.Debug|Any CPU.ActiveCfg = Debug|Any CPU
		{B447C03F-49BA-47C9-814E-02925D551506}.Debug|Any CPU.Build.0 = Debug|Any CPU
		{B447C03F-49BA-47C9-814E-02925D551506}.Release|Any CPU.ActiveCfg = Release|Any CPU
		{B447C03F-49BA-47C9-814E-02925D551506}.Release|Any CPU.Build.0 = Release|Any CPU
		{E9561DDB-56E8-4B44-8ECC-C8E4CF586760}.Debug|Any CPU.ActiveCfg = Debug|Any CPU
		{E9561DDB-56E8-4B44-8ECC-C8E4CF586760}.Debug|Any CPU.Build.0 = Debug|Any CPU
		{E9561DDB-56E8-4B44-8ECC-C8E4CF586760}.Release|Any CPU.ActiveCfg = Release|Any CPU
		{E9561DDB-56E8-4B44-8ECC-C8E4CF586760}.Release|Any CPU.Build.0 = Release|Any CPU
		{84612EF8-EF67-45CB-9BF2-368E10D8A825}.Debug|Any CPU.ActiveCfg = Debug|Any CPU
		{84612EF8-EF67-45CB-9BF2-368E10D8A825}.Debug|Any CPU.Build.0 = Debug|Any CPU
		{84612EF8-EF67-45CB-9BF2-368E10D8A825}.Release|Any CPU.ActiveCfg = Release|Any CPU
		{84612EF8-EF67-45CB-9BF2-368E10D8A825}.Release|Any CPU.Build.0 = Release|Any CPU
		{9A022771-9B95-48E9-8565-00E224387EC6}.Debug|Any CPU.ActiveCfg = Debug|Any CPU
		{9A022771-9B95-48E9-8565-00E224387EC6}.Debug|Any CPU.Build.0 = Debug|Any CPU
		{9A022771-9B95-48E9-8565-00E224387EC6}.Release|Any CPU.ActiveCfg = Release|Any CPU
		{9A022771-9B95-48E9-8565-00E224387EC6}.Release|Any CPU.Build.0 = Release|Any CPU
		{33577485-D604-4278-A7F5-E680910AFA85}.Debug|Any CPU.ActiveCfg = Debug|Any CPU
		{33577485-D604-4278-A7F5-E680910AFA85}.Debug|Any CPU.Build.0 = Debug|Any CPU
		{33577485-D604-4278-A7F5-E680910AFA85}.Release|Any CPU.ActiveCfg = Release|Any CPU
		{33577485-D604-4278-A7F5-E680910AFA85}.Release|Any CPU.Build.0 = Release|Any CPU
		{7164D119-67D0-4E76-BEE7-0EBB34DD11A4}.Debug|Any CPU.ActiveCfg = Debug|Any CPU
		{7164D119-67D0-4E76-BEE7-0EBB34DD11A4}.Debug|Any CPU.Build.0 = Debug|Any CPU
		{7164D119-67D0-4E76-BEE7-0EBB34DD11A4}.Release|Any CPU.ActiveCfg = Release|Any CPU
		{7164D119-67D0-4E76-BEE7-0EBB34DD11A4}.Release|Any CPU.Build.0 = Release|Any CPU
		{7135CD2B-6B4F-4FEF-94D1-39818C4B761C}.Debug|Any CPU.ActiveCfg = Debug|Any CPU
		{7135CD2B-6B4F-4FEF-94D1-39818C4B761C}.Debug|Any CPU.Build.0 = Debug|Any CPU
		{7135CD2B-6B4F-4FEF-94D1-39818C4B761C}.Release|Any CPU.ActiveCfg = Release|Any CPU
		{7135CD2B-6B4F-4FEF-94D1-39818C4B761C}.Release|Any CPU.Build.0 = Release|Any CPU
		{53B24D51-864E-455B-A993-0CECCE0401D5}.Debug|Any CPU.ActiveCfg = Debug|Any CPU
		{53B24D51-864E-455B-A993-0CECCE0401D5}.Debug|Any CPU.Build.0 = Debug|Any CPU
		{53B24D51-864E-455B-A993-0CECCE0401D5}.Release|Any CPU.ActiveCfg = Release|Any CPU
		{53B24D51-864E-455B-A993-0CECCE0401D5}.Release|Any CPU.Build.0 = Release|Any CPU
	EndGlobalSection
	GlobalSection(SolutionProperties) = preSolution
		HideSolutionNode = FALSE
	EndGlobalSection
	GlobalSection(NestedProjects) = preSolution
		{850CE7B8-C188-4DD7-A358-765A78D2A576} = {5499EA2A-A9A7-4990-A09F-A53764280E54}
		{5879B201-5F34-4EF4-A495-43965AB9D2DE} = {A0DE089F-1432-4478-8B4A-9F253ED8FBE2}
		{62B94A15-79DA-4366-AB96-52CE5AD7AF0A} = {A0DE089F-1432-4478-8B4A-9F253ED8FBE2}
		{4660B0AE-608E-45F6-B038-AC706D951DA1} = {A0DE089F-1432-4478-8B4A-9F253ED8FBE2}
		{CB694054-E2E0-4D50-A4C0-799E3B90BB7F} = {A0DE089F-1432-4478-8B4A-9F253ED8FBE2}
		{63D71FFB-227C-479B-B7C2-7356444E7C13} = {A0DE089F-1432-4478-8B4A-9F253ED8FBE2}
		{5499EA2A-A9A7-4990-A09F-A53764280E54} = {A0DE089F-1432-4478-8B4A-9F253ED8FBE2}
		{629D5833-80C4-409B-815C-A7E4E022DFE5} = {5879B201-5F34-4EF4-A495-43965AB9D2DE}
		{B447C03F-49BA-47C9-814E-02925D551506} = {5879B201-5F34-4EF4-A495-43965AB9D2DE}
		{E9561DDB-56E8-4B44-8ECC-C8E4CF586760} = {62B94A15-79DA-4366-AB96-52CE5AD7AF0A}
		{84612EF8-EF67-45CB-9BF2-368E10D8A825} = {62B94A15-79DA-4366-AB96-52CE5AD7AF0A}
		{9A022771-9B95-48E9-8565-00E224387EC6} = {62B94A15-79DA-4366-AB96-52CE5AD7AF0A}
		{33577485-D604-4278-A7F5-E680910AFA85} = {CB694054-E2E0-4D50-A4C0-799E3B90BB7F}
		{7164D119-67D0-4E76-BEE7-0EBB34DD11A4} = {63D71FFB-227C-479B-B7C2-7356444E7C13}
		{7135CD2B-6B4F-4FEF-94D1-39818C4B761C} = {63D71FFB-227C-479B-B7C2-7356444E7C13}
		{53B24D51-864E-455B-A993-0CECCE0401D5} = {A0DE089F-1432-4478-8B4A-9F253ED8FBE2}
	EndGlobalSection
	GlobalSection(ExtensibilityGlobals) = postSolution
		SolutionGuid = {C5AFEDFF-CD02-4D4A-A782-4C382F8AA27D}
	EndGlobalSection
EndGlobal
